
Microsoft Visual Studio Solution File, Format Version 12.00
# Visual Studio Version 17
VisualStudioVersion = 17.3.32901.215
MinimumVisualStudioVersion = 10.0.40219.1
Project("{FAE04EC0-301F-11D3-BF4B-00C04F79EFBC}") = "Control_De_Arreglos_Manuel_Diego", "Control_De_Arreglos_Manuel_Diego\Control_De_Arreglos_Manuel_Diego.csproj", "{B74B01DA-0C54-4AD0-BBB9-7B41AAA6B23A}"
EndProject
Global
	GlobalSection(SolutionConfigurationPlatforms) = preSolution
		Debug|Any CPU = Debug|Any CPU
		Release|Any CPU = Release|Any CPU
	EndGlobalSection
	GlobalSection(ProjectConfigurationPlatforms) = postSolution
		{B74B01DA-0C54-4AD0-BBB9-7B41AAA6B23A}.Debug|Any CPU.ActiveCfg = Debug|Any CPU
		{B74B01DA-0C54-4AD0-BBB9-7B41AAA6B23A}.Debug|Any CPU.Build.0 = Debug|Any CPU
		{B74B01DA-0C54-4AD0-BBB9-7B41AAA6B23A}.Release|Any CPU.ActiveCfg = Release|Any CPU
		{B74B01DA-0C54-4AD0-BBB9-7B41AAA6B23A}.Release|Any CPU.Build.0 = Release|Any CPU
	EndGlobalSection
	GlobalSection(SolutionProperties) = preSolution
		HideSolutionNode = FALSE
	EndGlobalSection
	GlobalSection(ExtensibilityGlobals) = postSolution
		SolutionGuid = {A8342861-D815-46BC-B7F8-CB5EAB78AA38}
	EndGlobalSection
EndGlobal
